Microsoft Visual Studio Solution File, Format Version 11.00
# Visual Studio 2008

Project("{254832EB-A951-534E-18F5-B820EA05A42A}") = "partyshake", "Assembly-UnityScript.unityproj", "{BD05FDD8-A659-8142-CE59-4D95EEC1BD68}"
EndProject
Global
	GlobalSection(SolutionConfigurationPlatforms) = preSolution
		Debug|Any CPU = Debug|Any CPU
		Release|Any CPU = Release|Any CPU
	EndGlobalSection
	GlobalSection(ProjectConfigurationPlatforms) = postSolution
		{BD05FDD8-A659-8142-CE59-4D95EEC1BD68}.Debug|Any CPU.ActiveCfg = Debug|Any CPU
		{BD05FDD8-A659-8142-CE59-4D95EEC1BD68}.Debug|Any CPU.Build.0 = Debug|Any CPU
		{BD05FDD8-A659-8142-CE59-4D95EEC1BD68}.Release|Any CPU.ActiveCfg = Release|Any CPU
		{BD05FDD8-A659-8142-CE59-4D95EEC1BD68}.Release|Any CPU.Build.0 = Release|Any CPU
	EndGlobalSection
	GlobalSection(SolutionProperties) = preSolution
		HideSolutionNode = FALSE
	EndGlobalSection
															GlobalSection(MonoDevelopProperties) = preSolution
=======
		GlobalSection(MonoDevelopProperties) = preSolution
>>>>>>> e9a65a794ae0f633d2b3d6e815ae6fe4d3c92f31
=======
				GlobalSection(MonoDevelopProperties) = preSolution
>>>>>>> a775a0536d12a73b3b243ce433e7114797a494ac
		StartupItem = Assembly-CSharp.csproj
		Policies = $0
		$0.TextStylePolicy = $1
		$1.inheritsSet = null
		$1.scope = text/x-csharp
		$0.CSharpFormattingPolicy = $2
		$2.inheritsSet = Mono
		$2.inheritsScope = text/x-csharp
		$2.scope = text/x-csharp
		$0.TextStylePolicy = $3
		$3.FileWidth = 120
		$3.TabWidth = 4
		$3.EolMarker = Unix
		$3.inheritsSet = Mono
		$3.inheritsScope = text/plain
		$3.scope = text/plain
	EndGlobalSection

EndGlobal
